
Microsoft Visual Studio Solution File, Format Version 12.00
# Visual Studio Version 16
VisualStudioVersion = 16.0.32413.511
MinimumVisualStudioVersion = 10.0.40219.1
Project("{FAE04EC0-301F-11D3-BF4B-00C04F79EFBC}") = "ApiAutoGlass", "ApiAutoGlass\ApiAutoGlass.csproj", "{3A8D1DF8-EF0D-4907-B429-E63B8595A021}"
EndProject
Global
	GlobalSection(SolutionConfigurationPlatforms) = preSolution
		Debug|Any CPU = Debug|Any CPU
		Release|Any CPU = Release|Any CPU
	EndGlobalSection
	GlobalSection(ProjectConfigurationPlatforms) = postSolution
		{3A8D1DF8-EF0D-4907-B429-E63B8595A021}.Debug|Any CPU.ActiveCfg = Debug|Any CPU
		{3A8D1DF8-EF0D-4907-B429-E63B8595A021}.Debug|Any CPU.Build.0 = Debug|Any CPU
		{3A8D1DF8-EF0D-4907-B429-E63B8595A021}.Release|Any CPU.ActiveCfg = Release|Any CPU
		{3A8D1DF8-EF0D-4907-B429-E63B8595A021}.Release|Any CPU.Build.0 = Release|Any CPU
	EndGlobalSection
	GlobalSection(SolutionProperties) = preSolution
		HideSolutionNode = FALSE
	EndGlobalSection
	GlobalSection(ExtensibilityGlobals) = postSolution
		SolutionGuid = {2B258E00-21D7-41BA-949F-656A4E56AA6F}
	EndGlobalSection
EndGlobal
